
Microsoft Visual Studio Solution File, Format Version 11.00
# Visual Studio 2010
Project("{FAE04EC0-301F-11D3-BF4B-00C04F79EFBC}") = "DimensionCollapse", "Assembly-CSharp.csproj", "{EE264718-3311-D606-0858-2708896AB3A2}"
EndProject
Project("{FAE04EC0-301F-11D3-BF4B-00C04F79EFBC}") = "DimensionCollapse", "Assembly-CSharp-firstpass.csproj", "{D2FB37C7-C7F9-8CAD-79A2-41DD4DE4105D}"
EndProject
Project("{FAE04EC0-301F-11D3-BF4B-00C04F79EFBC}") = "DimensionCollapse", "Assembly-CSharp-Editor-firstpass.csproj", "{9931CF9B-54A3-133B-E4CF-7EBF6E8B4B25}"
EndProject
Global
	GlobalSection(SolutionConfigurationPlatforms) = preSolution
		Debug|Any CPU = Debug|Any CPU
		Release|Any CPU = Release|Any CPU
	EndGlobalSection
	GlobalSection(ProjectConfigurationPlatforms) = postSolution
		{EE264718-3311-D606-0858-2708896AB3A2}.Debug|Any CPU.ActiveCfg = Debug|Any CPU
		{EE264718-3311-D606-0858-2708896AB3A2}.Debug|Any CPU.Build.0 = Debug|Any CPU
		{EE264718-3311-D606-0858-2708896AB3A2}.Release|Any CPU.ActiveCfg = Release|Any CPU
		{EE264718-3311-D606-0858-2708896AB3A2}.Release|Any CPU.Build.0 = Release|Any CPU
		{D2FB37C7-C7F9-8CAD-79A2-41DD4DE4105D}.Debug|Any CPU.ActiveCfg = Debug|Any CPU
		{D2FB37C7-C7F9-8CAD-79A2-41DD4DE4105D}.Debug|Any CPU.Build.0 = Debug|Any CPU
		{D2FB37C7-C7F9-8CAD-79A2-41DD4DE4105D}.Release|Any CPU.ActiveCfg = Release|Any CPU
		{D2FB37C7-C7F9-8CAD-79A2-41DD4DE4105D}.Release|Any CPU.Build.0 = Release|Any CPU
		{9931CF9B-54A3-133B-E4CF-7EBF6E8B4B25}.Debug|Any CPU.ActiveCfg = Debug|Any CPU
		{9931CF9B-54A3-133B-E4CF-7EBF6E8B4B25}.Debug|Any CPU.Build.0 = Debug|Any CPU
		{9931CF9B-54A3-133B-E4CF-7EBF6E8B4B25}.Release|Any CPU.ActiveCfg = Release|Any CPU
		{9931CF9B-54A3-133B-E4CF-7EBF6E8B4B25}.Release|Any CPU.Build.0 = Release|Any CPU
	EndGlobalSection
	GlobalSection(SolutionProperties) = preSolution
		HideSolutionNode = FALSE
	EndGlobalSection
	GlobalSection(MonoDevelopProperties) = preSolution
		StartupItem = Assembly-CSharp.csproj
	EndGlobalSection
EndGlobal
